
Microsoft Visual Studio Solution File, Format Version 12.00
# Visual Studio Version 17
VisualStudioVersion = 17.8.34408.163
MinimumVisualStudioVersion = 10.0.40219.1
Project("{FAE04EC0-301F-11D3-BF4B-00C04F79EFBC}") = "MyBlog", "MyBlog.csproj", "{83392F4C-9B1F-4132-B1DD-BE6B4E8D3AE0}"
EndProject
Global
	GlobalSection(SolutionConfigurationPlatforms) = preSolution
		Debug|Any CPU = Debug|Any CPU
		Release|Any CPU = Release|Any CPU
	EndGlobalSection
	GlobalSection(ProjectConfigurationPlatforms) = postSolution
		{83392F4C-9B1F-4132-B1DD-BE6B4E8D3AE0}.Debug|Any CPU.ActiveCfg = Debug|Any CPU
		{83392F4C-9B1F-4132-B1DD-BE6B4E8D3AE0}.Debug|Any CPU.Build.0 = Debug|Any CPU
		{83392F4C-9B1F-4132-B1DD-BE6B4E8D3AE0}.Release|Any CPU.ActiveCfg = Release|Any CPU
		{83392F4C-9B1F-4132-B1DD-BE6B4E8D3AE0}.Release|Any CPU.Build.0 = Release|Any CPU
	EndGlobalSection
	GlobalSection(SolutionProperties) = preSolution
		HideSolutionNode = FALSE
	EndGlobalSection
	GlobalSection(ExtensibilityGlobals) = postSolution
		SolutionGuid = {CB9047A3-30D2-4414-9D37-DCF42E9EDC91}
	EndGlobalSection
EndGlobal
